
Microsoft Visual Studio Solution File, Format Version 12.00
# Visual Studio Version 16
VisualStudioVersion = 16.0.29009.5
MinimumVisualStudioVersion = 10.0.40219.1
Project("{FAE04EC0-301F-11D3-BF4B-00C04F79EFBC}") = "NUMBER_TASK", "NUMBER_TASK.csproj", "{0EF56CFA-0ABC-4708-A4DC-1CBFFF4AEC81}"
EndProject
Global
	GlobalSection(SolutionConfigurationPlatforms) = preSolution
		Debug|Any CPU = Debug|Any CPU
		Release|Any CPU = Release|Any CPU
	EndGlobalSection
	GlobalSection(ProjectConfigurationPlatforms) = postSolution
		{0EF56CFA-0ABC-4708-A4DC-1CBFFF4AEC81}.Debug|Any CPU.ActiveCfg = Debug|Any CPU
		{0EF56CFA-0ABC-4708-A4DC-1CBFFF4AEC81}.Debug|Any CPU.Build.0 = Debug|Any CPU
		{0EF56CFA-0ABC-4708-A4DC-1CBFFF4AEC81}.Release|Any CPU.ActiveCfg = Release|Any CPU
		{0EF56CFA-0ABC-4708-A4DC-1CBFFF4AEC81}.Release|Any CPU.Build.0 = Release|Any CPU
	EndGlobalSection
	GlobalSection(SolutionProperties) = preSolution
		HideSolutionNode = FALSE
	EndGlobalSection
	GlobalSection(ExtensibilityGlobals) = postSolution
		SolutionGuid = {6EAB5399-3ACE-45EA-B41C-2F08BCDE894C}
	EndGlobalSection
EndGlobal
