
Microsoft Visual Studio Solution File, Format Version 12.00
# Visual Studio Version 16
VisualStudioVersion = 16.0.29009.5
MinimumVisualStudioVersion = 10.0.40219.1
Project("{FAE04EC0-301F-11D3-BF4B-00C04F79EFBC}") = "ARRAYS_TASK", "ARRAYS_TASK.csproj", "{8C600A10-A130-48F5-B839-F274E6A5D486}"
EndProject
Global
	GlobalSection(SolutionConfigurationPlatforms) = preSolution
		Debug|Any CPU = Debug|Any CPU
		Release|Any CPU = Release|Any CPU
	EndGlobalSection
	GlobalSection(ProjectConfigurationPlatforms) = postSolution
		{8C600A10-A130-48F5-B839-F274E6A5D486}.Debug|Any CPU.ActiveCfg = Debug|Any CPU
		{8C600A10-A130-48F5-B839-F274E6A5D486}.Debug|Any CPU.Build.0 = Debug|Any CPU
		{8C600A10-A130-48F5-B839-F274E6A5D486}.Release|Any CPU.ActiveCfg = Release|Any CPU
		{8C600A10-A130-48F5-B839-F274E6A5D486}.Release|Any CPU.Build.0 = Release|Any CPU
	EndGlobalSection
	GlobalSection(SolutionProperties) = preSolution
		HideSolutionNode = FALSE
	EndGlobalSection
	GlobalSection(ExtensibilityGlobals) = postSolution
		SolutionGuid = {1B94BA75-FEE8-4F6D-83DC-843B3F59EF9C}
	EndGlobalSection
EndGlobal
