
Microsoft Visual Studio Solution File, Format Version 12.00
# Visual Studio Version 16
VisualStudioVersion = 16.0.29009.5
MinimumVisualStudioVersion = 10.0.40219.1
Project("{FAE04EC0-301F-11D3-BF4B-00C04F79EFBC}") = "STUDENT_TASK", "STUDENT_TASK.csproj", "{F7AF58B2-6710-4D93-A1FE-A2837E450464}"
EndProject
Global
	GlobalSection(SolutionConfigurationPlatforms) = preSolution
		Debug|Any CPU = Debug|Any CPU
		Release|Any CPU = Release|Any CPU
	EndGlobalSection
	GlobalSection(ProjectConfigurationPlatforms) = postSolution
		{F7AF58B2-6710-4D93-A1FE-A2837E450464}.Debug|Any CPU.ActiveCfg = Debug|Any CPU
		{F7AF58B2-6710-4D93-A1FE-A2837E450464}.Debug|Any CPU.Build.0 = Debug|Any CPU
		{F7AF58B2-6710-4D93-A1FE-A2837E450464}.Release|Any CPU.ActiveCfg = Release|Any CPU
		{F7AF58B2-6710-4D93-A1FE-A2837E450464}.Release|Any CPU.Build.0 = Release|Any CPU
	EndGlobalSection
	GlobalSection(SolutionProperties) = preSolution
		HideSolutionNode = FALSE
	EndGlobalSection
	GlobalSection(ExtensibilityGlobals) = postSolution
		SolutionGuid = {7AB85109-E1E7-4F00-A331-E96FAB9ABE57}
	EndGlobalSection
EndGlobal
